Microsoft Visual Studio Solution File, Format Version 12.00
# Visual Studio 2012
Project("{FAE04EC0-301F-11D3-BF4B-00C04F79EFBC}") = "assignment-3", "assignment-3.csproj", "{91F11146-07BB-452A-AD14-6A8F769706E6}"
EndProject
Global
	GlobalSection(SolutionConfigurationPlatforms) = preSolution
	Debug|Any CPU = Debug|Any CPU
	ExportDebug|Any CPU = ExportDebug|Any CPU
	ExportRelease|Any CPU = ExportRelease|Any CPU
	EndGlobalSection
	GlobalSection(ProjectConfigurationPlatforms) = postSolution
		{91F11146-07BB-452A-AD14-6A8F769706E6}.Debug|Any CPU.ActiveCfg = Debug|Any CPU
		{91F11146-07BB-452A-AD14-6A8F769706E6}.Debug|Any CPU.Build.0 = Debug|Any CPU
		{91F11146-07BB-452A-AD14-6A8F769706E6}.ExportDebug|Any CPU.ActiveCfg = ExportDebug|Any CPU
		{91F11146-07BB-452A-AD14-6A8F769706E6}.ExportDebug|Any CPU.Build.0 = ExportDebug|Any CPU
		{91F11146-07BB-452A-AD14-6A8F769706E6}.ExportRelease|Any CPU.ActiveCfg = ExportRelease|Any CPU
		{91F11146-07BB-452A-AD14-6A8F769706E6}.ExportRelease|Any CPU.Build.0 = ExportRelease|Any CPU
	EndGlobalSection
EndGlobal
